
Microsoft Visual Studio Solution File, Format Version 12.00
Project("{FAE04EC0-301F-11D3-BF4B-00C04F79EFBC}") = "MultiDimensionDictionary", "MultiDimensionDictionary\MultiDimensionDictionary.csproj", "{03B41A6C-A9A4-4966-9503-6AC82682B6AB}"
EndProject
Project("{FAE04EC0-301F-11D3-BF4B-00C04F79EFBC}") = "ConsoleTests", "ConsoleTests\ConsoleTests.csproj", "{F1E98C1F-0BEE-48B7-9B55-C7D259F553ED}"
EndProject
Project("{FAE04EC0-301F-11D3-BF4B-00C04F79EFBC}") = "MultiDimensionTests", "MultiDimensionTests\MultiDimensionTests.csproj", "{4DEEF201-423C-45EF-9FA9-BCF596DC8BCF}"
EndProject
Project("{FAE04EC0-301F-11D3-BF4B-00C04F79EFBC}") = "DictionaryGenerator", "DictionaryGenerator\DictionaryGenerator.csproj", "{D0CB6C84-4C66-47F5-98DE-F7CF2ACD1E3E}"
EndProject
Global
	GlobalSection(SolutionConfigurationPlatforms) = preSolution
		Debug|Any CPU = Debug|Any CPU
		Release|Any CPU = Release|Any CPU
	EndGlobalSection
	GlobalSection(ProjectConfigurationPlatforms) = postSolution
		{03B41A6C-A9A4-4966-9503-6AC82682B6AB}.Debug|Any CPU.ActiveCfg = Debug|Any CPU
		{03B41A6C-A9A4-4966-9503-6AC82682B6AB}.Debug|Any CPU.Build.0 = Debug|Any CPU
		{03B41A6C-A9A4-4966-9503-6AC82682B6AB}.Release|Any CPU.ActiveCfg = Release|Any CPU
		{03B41A6C-A9A4-4966-9503-6AC82682B6AB}.Release|Any CPU.Build.0 = Release|Any CPU
		{F1E98C1F-0BEE-48B7-9B55-C7D259F553ED}.Debug|Any CPU.ActiveCfg = Debug|Any CPU
		{F1E98C1F-0BEE-48B7-9B55-C7D259F553ED}.Debug|Any CPU.Build.0 = Debug|Any CPU
		{F1E98C1F-0BEE-48B7-9B55-C7D259F553ED}.Release|Any CPU.ActiveCfg = Release|Any CPU
		{F1E98C1F-0BEE-48B7-9B55-C7D259F553ED}.Release|Any CPU.Build.0 = Release|Any CPU
		{4DEEF201-423C-45EF-9FA9-BCF596DC8BCF}.Debug|Any CPU.ActiveCfg = Debug|Any CPU
		{4DEEF201-423C-45EF-9FA9-BCF596DC8BCF}.Debug|Any CPU.Build.0 = Debug|Any CPU
		{4DEEF201-423C-45EF-9FA9-BCF596DC8BCF}.Release|Any CPU.ActiveCfg = Release|Any CPU
		{4DEEF201-423C-45EF-9FA9-BCF596DC8BCF}.Release|Any CPU.Build.0 = Release|Any CPU
		{D0CB6C84-4C66-47F5-98DE-F7CF2ACD1E3E}.Debug|Any CPU.ActiveCfg = Debug|Any CPU
		{D0CB6C84-4C66-47F5-98DE-F7CF2ACD1E3E}.Debug|Any CPU.Build.0 = Debug|Any CPU
		{D0CB6C84-4C66-47F5-98DE-F7CF2ACD1E3E}.Release|Any CPU.ActiveCfg = Release|Any CPU
		{D0CB6C84-4C66-47F5-98DE-F7CF2ACD1E3E}.Release|Any CPU.Build.0 = Release|Any CPU
	EndGlobalSection
EndGlobal
